<?xml version="1.0" encoding="utf-8"?>
<Project ToolsVersion="4.0" xmlns="http://schemas.microsoft.com/developer/msbuild/2003">
  <ItemGroup>
    <Filter Include="Исходные файлы">
      <UniqueIdentifier>{4FC737F1-C7A5-4376-A066-2A32D752A2FF}</UniqueIdentifier>
      <Extensions>cpp;c;cc;cxx;c++;cppm;ixx;def;odl;idl;hpj;bat;asm;asmx</Extensions>
    </Filter>
    <Filter Include="Файлы заголовков">
      <UniqueIdentifier>{93995380-89BD-4b04-88EB-625FBE52EBFB}</UniqueIdentifier>
      <Extensions>h;hh;hpp;hxx;h++;hm;inl;inc;ipp;xsd</Extensions>
    </Filter>
    <Filter Include="Файлы ресурсов">
      <UniqueIdentifier>{67DA6AB6-F800-4c08-8B7A-83BB121AAD01}</UniqueIdentifier>
      <Extensions>rc;ico;cur;bmp;dlg;rc2;rct;bin;rgs;gif;jpg;jpeg;jpe;resx;tiff;tif;png;wav;mfcribbon-ms</Extensions>
    </Filter>
  </ItemGroup>
  <ItemGroup>
    <ClCompile Include="winmain.cpp">
      <Filter>Исходные файлы</Filter>
    </ClCompile>
    <ClCompile Include="window_class.cpp">
      <Filter>Исходные файлы</Filter>
    </ClCompile>
    <ClCompile Include="DX12App.cpp">
      <Filter>Исходные файлы</Filter>
    </ClCompile>
    <ClCompile Include="game_timer.cpp">
      <Filter>Исходные файлы</Filter>
    </ClCompile>
    <ClCompile Include="d3dUtil.cpp">
      <Filter>Исходные файлы</Filter>
    </ClCompile>
    <ClCompile Include="DDSTextureLoader.cpp">
      <Filter>Исходные файлы</Filter>
    </ClCompile>
    <ClCompile Include="model_parser.cpp">
      <Filter>Исходные файлы</Filter>
    </ClCompile>
    <ClCompile Include="g_buffer.cpp">
      <Filter>Исходные файлы</Filter>
    </ClCompile>
    <ClCompile Include="rendering_system.cpp">
      <Filter>Исходные файлы</Filter>
    </ClCompile>
    <ClCompile Include="bulb.cpp">
      <Filter>Исходные файлы</Filter>
    </ClCompile>
    <ClCompile Include="camera.cpp">
      <Filter>Исходные файлы</Filter>
    </ClCompile>
    <ClCompile Include="octree.cpp">
      <Filter>Исходные файлы</Filter>
    </ClCompile>
    <ClCompile Include="stream_output.cpp">
      <Filter>Исходные файлы</Filter>
    </ClCompile>
    <ClCompile Include="deffered_rendering.cpp">
      <Filter>Исходные файлы</Filter>
    </ClCompile>
    <ClCompile Include="update.cpp">
      <Filter>Исходные файлы</Filter>
    </ClCompile>
    <ClCompile Include="layouts.cpp">
      <Filter>Исходные файлы</Filter>
    </ClCompile>
    <ClCompile Include="box.cpp">
      <Filter>Исходные файлы</Filter>
    </ClCompile>
    <ClCompile Include="wireframe.cpp">
      <Filter>Исходные файлы</Filter>
    </ClCompile>
    <ClCompile Include="particles_rendering.cpp">
      <Filter>Исходные файлы</Filter>
    </ClCompile>
    <ClCompile Include="shadow_map.cpp">
      <Filter>Исходные файлы</Filter>
    </ClCompile>
    <ClCompile Include="cascades.cpp">
      <Filter>Исходные файлы</Filter>
    </ClCompile>
    <ClCompile Include="post_process.cpp">
      <Filter>Исходные файлы</Filter>
    </ClCompile>
    <ClCompile Include="PP_drawcalls.cpp">
      <Filter>Исходные файлы</Filter>
    </ClCompile>
    <ClCompile Include="ssao.cpp">
      <Filter>Исходные файлы</Filter>
    </ClCompile>
    <ClCompile Include="upload_buffers.cpp">
      <Filter>Исходные файлы</Filter>
    </ClCompile>
    <ClCompile Include="CBV_SRV_UAV.cpp">
      <Filter>Исходные файлы</Filter>
    </ClCompile>
    <ClCompile Include="singleton_device.cpp">
      <Filter>Исходные файлы</Filter>
    </ClCompile>
  </ItemGroup>
  <ItemGroup>
    <ClInclude Include="window_class.h">
      <Filter>Файлы заголовков</Filter>
    </ClInclude>
    <ClInclude Include="throw_if_failed.h">
      <Filter>Файлы заголовков</Filter>
    </ClInclude>
    <ClInclude Include="DX12App.h">
      <Filter>Файлы заголовков</Filter>
    </ClInclude>
    <ClInclude Include="game_timer.h">
      <Filter>Файлы заголовков</Filter>
    </ClInclude>
    <ClInclude Include="vertex.h">
      <Filter>Файлы заголовков</Filter>
    </ClInclude>
    <ClInclude Include="d3dUtil.h">
      <Filter>Файлы заголовков</Filter>
    </ClInclude>
    <ClInclude Include="upload_buffer.h">
      <Filter>Файлы заголовков</Filter>
    </ClInclude>
    <ClInclude Include="object_constants.h">
      <Filter>Файлы заголовков</Filter>
    </ClInclude>
    <ClInclude Include="texture.h">
      <Filter>Файлы заголовков</Filter>
    </ClInclude>
    <ClInclude Include="DDSTextureLoader.h">
      <Filter>Файлы заголовков</Filter>
    </ClInclude>
    <ClInclude Include="materials.h">
      <Filter>Файлы заголовков</Filter>
    </ClInclude>
    <ClInclude Include="submesh.h">
      <Filter>Файлы заголовков</Filter>
    </ClInclude>
    <ClInclude Include="g_buffer.h">
      <Filter>Файлы заголовков</Filter>
    </ClInclude>
    <ClInclude Include="rendering_system.h">
      <Filter>Файлы заголовков</Filter>
    </ClInclude>
    <ClInclude Include="light.h">
      <Filter>Файлы заголовков</Filter>
    </ClInclude>
    <ClInclude Include="camera.h">
      <Filter>Файлы заголовков</Filter>
    </ClInclude>
    <ClInclude Include="octree.h">
      <Filter>Файлы заголовков</Filter>
    </ClInclude>
    <ClInclude Include="instances.h">
      <Filter>Файлы заголовков</Filter>
    </ClInclude>
    <ClInclude Include="particle.h">
      <Filter>Файлы заголовков</Filter>
    </ClInclude>
    <ClInclude Include="shadow_map.h">
      <Filter>Файлы заголовков</Filter>
    </ClInclude>
    <ClInclude Include="post_process.h">
      <Filter>Файлы заголовков</Filter>
    </ClInclude>
    <ClInclude Include="ssao.h">
      <Filter>Файлы заголовков</Filter>
    </ClInclude>
    <ClInclude Include="singletone_device.h">
      <Filter>Файлы заголовков</Filter>
    </ClInclude>
    <ClInclude Include="scene_data.h">
      <Filter>Файлы заголовков</Filter>
    </ClInclude>
    <ClInclude Include="model_parser.h">
      <Filter>Файлы заголовков</Filter>
    </ClInclude>
  </ItemGroup>
  <ItemGroup>
    <None Include="packages.config" />
  </ItemGroup>
  <ItemGroup>
    <FxCompile Include="shaders\gbuffer.hlsl">
      <Filter>Исходные файлы</Filter>
    </FxCompile>
    <FxCompile Include="shaders\bulb.hlsl">
      <Filter>Исходные файлы</Filter>
    </FxCompile>
    <FxCompile Include="shaders\light.hlsl">
      <Filter>Исходные файлы</Filter>
    </FxCompile>
    <FxCompile Include="shaders\tess.hlsl">
      <Filter>Исходные файлы</Filter>
    </FxCompile>
    <FxCompile Include="shaders\HullShader.hlsl">
      <Filter>Исходные файлы</Filter>
    </FxCompile>
    <FxCompile Include="shaders\DomainShader.hlsl">
      <Filter>Исходные файлы</Filter>
    </FxCompile>
    <FxCompile Include="shaders\baked.hlsl">
      <Filter>Исходные файлы</Filter>
    </FxCompile>
    <FxCompile Include="shaders\wireframe.hlsl">
      <Filter>Исходные файлы</Filter>
    </FxCompile>
    <FxCompile Include="shaders\particles.hlsl">
      <Filter>Исходные файлы</Filter>
    </FxCompile>
    <FxCompile Include="shaders\particleGS.hlsl">
      <Filter>Исходные файлы</Filter>
    </FxCompile>
    <FxCompile Include="shaders\particleUpdateCS.hlsl">
      <Filter>Исходные файлы</Filter>
    </FxCompile>
    <FxCompile Include="shaders\particleEmitCS.hlsl">
      <Filter>Исходные файлы</Filter>
    </FxCompile>
    <FxCompile Include="shaders\shadowVS.hlsl">
      <Filter>Исходные файлы</Filter>
    </FxCompile>
    <FxCompile Include="shaders\billboard.hlsl">
      <Filter>Исходные файлы</Filter>
    </FxCompile>
    <FxCompile Include="shaders\PPTonemapping.hlsl">
      <Filter>Исходные файлы</Filter>
    </FxCompile>
    <FxCompile Include="shaders\PPOutput.hlsl">
      <Filter>Исходные файлы</Filter>
    </FxCompile>
    <FxCompile Include="shaders\PPVignette.hlsl">
      <Filter>Исходные файлы</Filter>
    </FxCompile>
    <FxCompile Include="shaders\ssao.hlsl">
      <Filter>Исходные файлы</Filter>
    </FxCompile>
    <FxCompile Include="shaders\ssaoBlur.hlsl">
      <Filter>Исходные файлы</Filter>
    </FxCompile>
  </ItemGroup>
</Project>